// !$*UTF8*$!
{
	archiveVersion = 1;
	classes = {
	};
	objectVersion = 56;
	objects = {

/* Begin PBXBuildFile section */
		74287DAE2A5348310084CF97 /* MealDetailViewModel.swift in Sources */ = {isa = PBXBuildFile; fileRef = 74287DAD2A5348310084CF97 /* MealDetailViewModel.swift */; };
		74287DB02A5348EA0084CF97 /* MealDetail.swift in Sources */ = {isa = PBXBuildFile; fileRef = 74287DAF2A5348EA0084CF97 /* MealDetail.swift */; };
		749CFADF2A3DBA7D00380161 /* FoodieAppApp.swift in Sources */ = {isa = PBXBuildFile; fileRef = 749CFADE2A3DBA7D00380161 /* FoodieAppApp.swift */; };
		749CFAE12A3DBA7D00380161 /* ContentView.swift in Sources */ = {isa = PBXBuildFile; fileRef = 749CFAE02A3DBA7D00380161 /* ContentView.swift */; };
		749CFAE32A3DBA7F00380161 /* Assets.xcassets in Resources */ = {isa = PBXBuildFile; fileRef = 749CFAE22A3DBA7F00380161 /* Assets.xcassets */; };
		749CFAE62A3DBA7F00380161 /* Preview Assets.xcassets in Resources */ = {isa = PBXBuildFile; fileRef = 749CFAE52A3DBA7F00380161 /* Preview Assets.xcassets */; };
		749CFAF02A3DBA8000380161 /* FoodieAppTests.swift in Sources */ = {isa = PBXBuildFile; fileRef = 749CFAEF2A3DBA8000380161 /* FoodieAppTests.swift */; };
		749CFAFA2A3DBA8000380161 /* FoodieAppUITests.swift in Sources */ = {isa = PBXBuildFile; fileRef = 749CFAF92A3DBA8000380161 /* FoodieAppUITests.swift */; };
		749CFAFC2A3DBA8000380161 /* FoodieAppUITestsLaunchTests.swift in Sources */ = {isa = PBXBuildFile; fileRef = 749CFAFB2A3DBA8000380161 /* FoodieAppUITestsLaunchTests.swift */; };
		749CFB0C2A3DD24B00380161 /* OnboardingButton.swift in Sources */ = {isa = PBXBuildFile; fileRef = 749CFB0B2A3DD24B00380161 /* OnboardingButton.swift */; };
		749CFB102A3DD3A700380161 /* OnboardingInfoView.swift in Sources */ = {isa = PBXBuildFile; fileRef = 749CFB0F2A3DD3A700380161 /* OnboardingInfoView.swift */; };
		749CFB122A3DDC5300380161 /* OnboardingView.swift in Sources */ = {isa = PBXBuildFile; fileRef = 749CFB112A3DDC5300380161 /* OnboardingView.swift */; };
		749CFB142A3DDC9700380161 /* OnboardingManager.swift in Sources */ = {isa = PBXBuildFile; fileRef = 749CFB132A3DDC9700380161 /* OnboardingManager.swift */; };
		749CFB172A3E3A1300380161 /* LoginView.swift in Sources */ = {isa = PBXBuildFile; fileRef = 749CFB162A3E3A1300380161 /* LoginView.swift */; };
		749CFB192A3E3EF000380161 /* SessionManager.swift in Sources */ = {isa = PBXBuildFile; fileRef = 749CFB182A3E3EF000380161 /* SessionManager.swift */; };
		749CFB1E2A3EF78C00380161 /* CustomTextField.swift in Sources */ = {isa = PBXBuildFile; fileRef = 749CFB1D2A3EF78C00380161 /* CustomTextField.swift */; };
		749CFB3C2A3EFB9800380161 /* Poppins-Light.ttf in Resources */ = {isa = PBXBuildFile; fileRef = 749CFB2A2A3EFB9700380161 /* Poppins-Light.ttf */; };
		749CFB3D2A3EFB9800380161 /* Poppins-Bold.ttf in Resources */ = {isa = PBXBuildFile; fileRef = 749CFB2B2A3EFB9700380161 /* Poppins-Bold.ttf */; };
		749CFB3F2A3EFB9800380161 /* Poppins-Black.ttf in Resources */ = {isa = PBXBuildFile; fileRef = 749CFB2D2A3EFB9700380161 /* Poppins-Black.ttf */; };
		749CFB412A3EFB9800380161 /* Poppins-Medium.ttf in Resources */ = {isa = PBXBuildFile; fileRef = 749CFB2F2A3EFB9700380161 /* Poppins-Medium.ttf */; };
		749CFB422A3EFB9800380161 /* Poppins-ExtraLight.ttf in Resources */ = {isa = PBXBuildFile; fileRef = 749CFB302A3EFB9800380161 /* Poppins-ExtraLight.ttf */; };
		749CFB432A3EFB9800380161 /* Poppins-Regular.ttf in Resources */ = {isa = PBXBuildFile; fileRef = 749CFB312A3EFB9800380161 /* Poppins-Regular.ttf */; };
		749CFB442A3EFB9800380161 /* Poppins-SemiBold.ttf in Resources */ = {isa = PBXBuildFile; fileRef = 749CFB322A3EFB9800380161 /* Poppins-SemiBold.ttf */; };
		749CFB452A3EFB9800380161 /* Poppins-Thin.ttf in Resources */ = {isa = PBXBuildFile; fileRef = 749CFB332A3EFB9800380161 /* Poppins-Thin.ttf */; };
		749CFB482A3EFFDE00380161 /* SocialMediaButton.swift in Sources */ = {isa = PBXBuildFile; fileRef = 749CFB472A3EFFDE00380161 /* SocialMediaButton.swift */; };
		749CFB4A2A3F53D500380161 /* RegisterationView.swift in Sources */ = {isa = PBXBuildFile; fileRef = 749CFB492A3F53D500380161 /* RegisterationView.swift */; };
		749CFB4D2A3F671400380161 /* FirebaseAuth in Frameworks */ = {isa = PBXBuildFile; productRef = 749CFB4C2A3F671400380161 /* FirebaseAuth */; };
		749CFB4F2A3F671400380161 /* FirebaseFirestore in Frameworks */ = {isa = PBXBuildFile; productRef = 749CFB4E2A3F671400380161 /* FirebaseFirestore */; };
		749CFB512A3F671400380161 /* FirebaseFirestoreSwift in Frameworks */ = {isa = PBXBuildFile; productRef = 749CFB502A3F671400380161 /* FirebaseFirestoreSwift */; };
		749CFB532A3F68AD00380161 /* AuthenticationManager.swift in Sources */ = {isa = PBXBuildFile; fileRef = 749CFB522A3F68AD00380161 /* AuthenticationManager.swift */; };
		749CFB582A404F7800380161 /* GoogleService-Info.plist in Resources */ = {isa = PBXBuildFile; fileRef = 749CFB572A404F7800380161 /* GoogleService-Info.plist */; };
		749CFB5B2A404FA800380161 /* AuthenticationViewModel.swift in Sources */ = {isa = PBXBuildFile; fileRef = 749CFB5A2A404FA800380161 /* AuthenticationViewModel.swift */; };
		749CFB5D2A40523C00380161 /* User.swift in Sources */ = {isa = PBXBuildFile; fileRef = 749CFB5C2A40523B00380161 /* User.swift */; };
		749CFB602A4060D700380161 /* CustomTabbar.swift in Sources */ = {isa = PBXBuildFile; fileRef = 749CFB5F2A4060D700380161 /* CustomTabbar.swift */; };
		749CFB632A41D0F700380161 /* TabBar.swift in Sources */ = {isa = PBXBuildFile; fileRef = 749CFB622A41D0F700380161 /* TabBar.swift */; };
		749CFB662A41D32A00380161 /* DiscoverCategoriesView.swift in Sources */ = {isa = PBXBuildFile; fileRef = 749CFB652A41D32A00380161 /* DiscoverCategoriesView.swift */; };
		749CFB6A2A41D37200380161 /* LocationView.swift in Sources */ = {isa = PBXBuildFile; fileRef = 749CFB692A41D37200380161 /* LocationView.swift */; };
		749CFB6D2A41D38800380161 /* NotificationView.swift in Sources */ = {isa = PBXBuildFile; fileRef = 749CFB6C2A41D38800380161 /* NotificationView.swift */; };
		749CFB702A41D39800380161 /* FavoritesView.swift in Sources */ = {isa = PBXBuildFile; fileRef = 749CFB6F2A41D39800380161 /* FavoritesView.swift */; };
		749CFB732A41D3B000380161 /* CartView.swift in Sources */ = {isa = PBXBuildFile; fileRef = 749CFB722A41D3B000380161 /* CartView.swift */; };
		749CFB762A41D61900380161 /* SearchBar.swift in Sources */ = {isa = PBXBuildFile; fileRef = 749CFB752A41D61900380161 /* SearchBar.swift */; };
		749CFB782A41DB4F00380161 /* CategoryCardView.swift in Sources */ = {isa = PBXBuildFile; fileRef = 749CFB772A41DB4F00380161 /* CategoryCardView.swift */; };
		74B6C9772A4763A700882D6B /* Meal.swift in Sources */ = {isa = PBXBuildFile; fileRef = 74B6C9762A4763A700882D6B /* Meal.swift */; };
		74B6C97B2A4B261C00882D6B /* MealsView.swift in Sources */ = {isa = PBXBuildFile; fileRef = 74B6C97A2A4B261C00882D6B /* MealsView.swift */; };
		74B6C97D2A4B295C00882D6B /* MealsViewModel.swift in Sources */ = {isa = PBXBuildFile; fileRef = 74B6C97C2A4B295C00882D6B /* MealsViewModel.swift */; };
		74B6C97F2A4B2E0900882D6B /* MealCardView.swift in Sources */ = {isa = PBXBuildFile; fileRef = 74B6C97E2A4B2E0900882D6B /* MealCardView.swift */; };
		74B6C9832A4C9A7200882D6B /* Double.swift in Sources */ = {isa = PBXBuildFile; fileRef = 74B6C9822A4C9A7200882D6B /* Double.swift */; };
		74B6C9852A4CB7E800882D6B /* StraggledGridView.swift in Sources */ = {isa = PBXBuildFile; fileRef = 74B6C9842A4CB7E800882D6B /* StraggledGridView.swift */; };
		74B6C9882A50309700882D6B /* MealDetailView.swift in Sources */ = {isa = PBXBuildFile; fileRef = 74B6C9872A50309700882D6B /* MealDetailView.swift */; };
		74B6C98B2A50A80900882D6B /* CustomFontConstants.swift in Sources */ = {isa = PBXBuildFile; fileRef = 74B6C98A2A50A80900882D6B /* CustomFontConstants.swift */; };
		74B6C9902A51C4AA00882D6B /* PortionButton.swift in Sources */ = {isa = PBXBuildFile; fileRef = 74B6C98F2A51C4AA00882D6B /* PortionButton.swift */; };
		74B6C9942A51CEE000882D6B /* PortionButtonViewModel.swift in Sources */ = {isa = PBXBuildFile; fileRef = 74B6C9932A51CEE000882D6B /* PortionButtonViewModel.swift */; };
		74B6C9962A51DFF700882D6B /* CustomStepper.swift in Sources */ = {isa = PBXBuildFile; fileRef = 74B6C9952A51DFF700882D6B /* CustomStepper.swift */; };
		74B7D3042A42DC4200A43A45 /* SideMenu.swift in Sources */ = {isa = PBXBuildFile; fileRef = 74B7D3032A42DC4200A43A45 /* SideMenu.swift */; };
		74B7D30C2A44CE8000A43A45 /* Endpoint.swift in Sources */ = {isa = PBXBuildFile; fileRef = 74B7D30B2A44CE8000A43A45 /* Endpoint.swift */; };
		74B7D30E2A44CE9800A43A45 /* HTTPClient.swift in Sources */ = {isa = PBXBuildFile; fileRef = 74B7D30D2A44CE9800A43A45 /* HTTPClient.swift */; };
		74B7D3102A44CEA600A43A45 /* HTTPMethod.swift in Sources */ = {isa = PBXBuildFile; fileRef = 74B7D30F2A44CEA600A43A45 /* HTTPMethod.swift */; };
		74B7D3122A44CEBD00A43A45 /* RequestError.swift in Sources */ = {isa = PBXBuildFile; fileRef = 74B7D3112A44CEBD00A43A45 /* RequestError.swift */; };
		74B7D3142A44CFD900A43A45 /* FoodieEndPoints.swift in Sources */ = {isa = PBXBuildFile; fileRef = 74B7D3132A44CFD900A43A45 /* FoodieEndPoints.swift */; };
		74B7D3162A45955400A43A45 /* NetworkService.swift in Sources */ = {isa = PBXBuildFile; fileRef = 74B7D3152A45955400A43A45 /* NetworkService.swift */; };
		74B7D3182A45957E00A43A45 /* Category.swift in Sources */ = {isa = PBXBuildFile; fileRef = 74B7D3172A45957E00A43A45 /* Category.swift */; };
		74B7D31B2A45978200A43A45 /* DiscoverCategoriesViewModel.swift in Sources */ = {isa = PBXBuildFile; fileRef = 74B7D31A2A45978200A43A45 /* DiscoverCategoriesViewModel.swift */; };
		74B7D31D2A45A1EE00A43A45 /* LoadableImage.swift in Sources */ = {isa = PBXBuildFile; fileRef = 74B7D31C2A45A1EE00A43A45 /* LoadableImage.swift */; };
/* End PBXBuildFile section */

/* Begin PBXContainerItemProxy section */
		749CFAEC2A3DBA8000380161 /* PBXContainerItemProxy */ = {
			isa = PBXContainerItemProxy;
			containerPortal = 749CFAD32A3DBA7D00380161 /* Project object */;
			proxyType = 1;
			remoteGlobalIDString = 749CFADA2A3DBA7D00380161;
			remoteInfo = FoodieApp;
		};
		749CFAF62A3DBA8000380161 /* PBXContainerItemProxy */ = {
			isa = PBXContainerItemProxy;
			containerPortal = 749CFAD32A3DBA7D00380161 /* Project object */;
			proxyType = 1;
			remoteGlobalIDString = 749CFADA2A3DBA7D00380161;
			remoteInfo = FoodieApp;
		};
/* End PBXContainerItemProxy section */

/* Begin PBXFileReference section */
		74287DAD2A5348310084CF97 /* MealDetailViewModel.swift */ = {isa = PBXFileReference; lastKnownFileType = sourcecode.swift; path = MealDetailViewModel.swift; sourceTree = "<group>"; };
		74287DAF2A5348EA0084CF97 /* MealDetail.swift */ = {isa = PBXFileReference; lastKnownFileType = sourcecode.swift; path = MealDetail.swift; sourceTree = "<group>"; };
		749CFADB2A3DBA7D00380161 /* FoodieApp.app */ = {isa = PBXFileReference; explicitFileType = wrapper.application; includeInIndex = 0; path = FoodieApp.app; sourceTree = BUILT_PRODUCTS_DIR; };
		749CFADE2A3DBA7D00380161 /* FoodieAppApp.swift */ = {isa = PBXFileReference; lastKnownFileType = sourcecode.swift; path = FoodieAppApp.swift; sourceTree = "<group>"; };
		749CFAE02A3DBA7D00380161 /* ContentView.swift */ = {isa = PBXFileReference; lastKnownFileType = sourcecode.swift; path = ContentView.swift; sourceTree = "<group>"; };
		749CFAE22A3DBA7F00380161 /* Assets.xcassets */ = {isa = PBXFileReference; lastKnownFileType = folder.assetcatalog; path = Assets.xcassets; sourceTree = "<group>"; };
		749CFAE52A3DBA7F00380161 /* Preview Assets.xcassets */ = {isa = PBXFileReference; lastKnownFileType = folder.assetcatalog; path = "Preview Assets.xcassets"; sourceTree = "<group>"; };
		749CFAEB2A3DBA8000380161 /* FoodieAppTests.xctest */ = {isa = PBXFileReference; explicitFileType = wrapper.cfbundle; includeInIndex = 0; path = FoodieAppTests.xctest; sourceTree = BUILT_PRODUCTS_DIR; };
		749CFAEF2A3DBA8000380161 /* FoodieAppTests.swift */ = {isa = PBXFileReference; lastKnownFileType = sourcecode.swift; path = FoodieAppTests.swift; sourceTree = "<group>"; };
		749CFAF52A3DBA8000380161 /* FoodieAppUITests.xctest */ = {isa = PBXFileReference; explicitFileType = wrapper.cfbundle; includeInIndex = 0; path = FoodieAppUITests.xctest; sourceTree = BUILT_PRODUCTS_DIR; };
		749CFAF92A3DBA8000380161 /* FoodieAppUITests.swift */ = {isa = PBXFileReference; lastKnownFileType = sourcecode.swift; path = FoodieAppUITests.swift; sourceTree = "<group>"; };
		749CFAFB2A3DBA8000380161 /* FoodieAppUITestsLaunchTests.swift */ = {isa = PBXFileReference; lastKnownFileType = sourcecode.swift; path = FoodieAppUITestsLaunchTests.swift; sourceTree = "<group>"; };
		749CFB0B2A3DD24B00380161 /* OnboardingButton.swift */ = {isa = PBXFileReference; lastKnownFileType = sourcecode.swift; path = OnboardingButton.swift; sourceTree = "<group>"; };
		749CFB0F2A3DD3A700380161 /* OnboardingInfoView.swift */ = {isa = PBXFileReference; lastKnownFileType = sourcecode.swift; path = OnboardingInfoView.swift; sourceTree = "<group>"; };
		749CFB112A3DDC5300380161 /* OnboardingView.swift */ = {isa = PBXFileReference; lastKnownFileType = sourcecode.swift; path = OnboardingView.swift; sourceTree = "<group>"; };
		749CFB132A3DDC9700380161 /* OnboardingManager.swift */ = {isa = PBXFileReference; lastKnownFileType = sourcecode.swift; path = OnboardingManager.swift; sourceTree = "<group>"; };
		749CFB162A3E3A1300380161 /* LoginView.swift */ = {isa = PBXFileReference; lastKnownFileType = sourcecode.swift; path = LoginView.swift; sourceTree = "<group>"; };
		749CFB182A3E3EF000380161 /* SessionManager.swift */ = {isa = PBXFileReference; lastKnownFileType = sourcecode.swift; path = SessionManager.swift; sourceTree = "<group>"; };
		749CFB1D2A3EF78C00380161 /* CustomTextField.swift */ = {isa = PBXFileReference; lastKnownFileType = sourcecode.swift; path = CustomTextField.swift; sourceTree = "<group>"; };
		749CFB2A2A3EFB9700380161 /* Poppins-Light.ttf */ = {isa = PBXFileReference; lastKnownFileType = file; path = "Poppins-Light.ttf"; sourceTree = "<group>"; };
		749CFB2B2A3EFB9700380161 /* Poppins-Bold.ttf */ = {isa = PBXFileReference; lastKnownFileType = file; path = "Poppins-Bold.ttf"; sourceTree = "<group>"; };
		749CFB2D2A3EFB9700380161 /* Poppins-Black.ttf */ = {isa = PBXFileReference; lastKnownFileType = file; path = "Poppins-Black.ttf"; sourceTree = "<group>"; };
		749CFB2F2A3EFB9700380161 /* Poppins-Medium.ttf */ = {isa = PBXFileReference; lastKnownFileType = file; path = "Poppins-Medium.ttf"; sourceTree = "<group>"; };
		749CFB302A3EFB9800380161 /* Poppins-ExtraLight.ttf */ = {isa = PBXFileReference; lastKnownFileType = file; path = "Poppins-ExtraLight.ttf"; sourceTree = "<group>"; };
		749CFB312A3EFB9800380161 /* Poppins-Regular.ttf */ = {isa = PBXFileReference; lastKnownFileType = file; path = "Poppins-Regular.ttf"; sourceTree = "<group>"; };
		749CFB322A3EFB9800380161 /* Poppins-SemiBold.ttf */ = {isa = PBXFileReference; lastKnownFileType = file; path = "Poppins-SemiBold.ttf"; sourceTree = "<group>"; };
		749CFB332A3EFB9800380161 /* Poppins-Thin.ttf */ = {isa = PBXFileReference; lastKnownFileType = file; path = "Poppins-Thin.ttf"; sourceTree = "<group>"; };
		749CFB462A3EFBE700380161 /* Info.plist */ = {isa = PBXFileReference; lastKnownFileType = text.plist; path = Info.plist; sourceTree = "<group>"; };
		749CFB472A3EFFDE00380161 /* SocialMediaButton.swift */ = {isa = PBXFileReference; lastKnownFileType = sourcecode.swift; path = SocialMediaButton.swift; sourceTree = "<group>"; };
		749CFB492A3F53D500380161 /* RegisterationView.swift */ = {isa = PBXFileReference; lastKnownFileType = sourcecode.swift; path = RegisterationView.swift; sourceTree = "<group>"; };
		749CFB522A3F68AD00380161 /* AuthenticationManager.swift */ = {isa = PBXFileReference; lastKnownFileType = sourcecode.swift; path = AuthenticationManager.swift; sourceTree = "<group>"; };
		749CFB572A404F7800380161 /* GoogleService-Info.plist */ = {isa = PBXFileReference; fileEncoding = 4; lastKnownFileType = text.plist.xml; path = "GoogleService-Info.plist"; sourceTree = "<group>"; };
		749CFB5A2A404FA800380161 /* AuthenticationViewModel.swift */ = {isa = PBXFileReference; lastKnownFileType = sourcecode.swift; path = AuthenticationViewModel.swift; sourceTree = "<group>"; };
		749CFB5C2A40523B00380161 /* User.swift */ = {isa = PBXFileReference; lastKnownFileType = sourcecode.swift; path = User.swift; sourceTree = "<group>"; };
		749CFB5F2A4060D700380161 /* CustomTabbar.swift */ = {isa = PBXFileReference; lastKnownFileType = sourcecode.swift; path = CustomTabbar.swift; sourceTree = "<group>"; };
		749CFB622A41D0F700380161 /* TabBar.swift */ = {isa = PBXFileReference; lastKnownFileType = sourcecode.swift; path = TabBar.swift; sourceTree = "<group>"; };
		749CFB652A41D32A00380161 /* DiscoverCategoriesView.swift */ = {isa = PBXFileReference; lastKnownFileType = sourcecode.swift; path = DiscoverCategoriesView.swift; sourceTree = "<group>"; };
		749CFB692A41D37200380161 /* LocationView.swift */ = {isa = PBXFileReference; lastKnownFileType = sourcecode.swift; path = LocationView.swift; sourceTree = "<group>"; };
		749CFB6C2A41D38800380161 /* NotificationView.swift */ = {isa = PBXFileReference; lastKnownFileType = sourcecode.swift; path = NotificationView.swift; sourceTree = "<group>"; };
		749CFB6F2A41D39800380161 /* FavoritesView.swift */ = {isa = PBXFileReference; lastKnownFileType = sourcecode.swift; path = FavoritesView.swift; sourceTree = "<group>"; };
		749CFB722A41D3B000380161 /* CartView.swift */ = {isa = PBXFileReference; lastKnownFileType = sourcecode.swift; path = CartView.swift; sourceTree = "<group>"; };
		749CFB752A41D61900380161 /* SearchBar.swift */ = {isa = PBXFileReference; lastKnownFileType = sourcecode.swift; path = SearchBar.swift; sourceTree = "<group>"; };
		749CFB772A41DB4F00380161 /* CategoryCardView.swift */ = {isa = PBXFileReference; lastKnownFileType = sourcecode.swift; path = CategoryCardView.swift; sourceTree = "<group>"; };
		74B6C9762A4763A700882D6B /* Meal.swift */ = {isa = PBXFileReference; lastKnownFileType = sourcecode.swift; path = Meal.swift; sourceTree = "<group>"; };
		74B6C97A2A4B261C00882D6B /* MealsView.swift */ = {isa = PBXFileReference; lastKnownFileType = sourcecode.swift; path = MealsView.swift; sourceTree = "<group>"; };
		74B6C97C2A4B295C00882D6B /* MealsViewModel.swift */ = {isa = PBXFileReference; lastKnownFileType = sourcecode.swift; path = MealsViewModel.swift; sourceTree = "<group>"; };
		74B6C97E2A4B2E0900882D6B /* MealCardView.swift */ = {isa = PBXFileReference; lastKnownFileType = sourcecode.swift; path = MealCardView.swift; sourceTree = "<group>"; };
		74B6C9822A4C9A7200882D6B /* Double.swift */ = {isa = PBXFileReference; lastKnownFileType = sourcecode.swift; path = Double.swift; sourceTree = "<group>"; };
		74B6C9842A4CB7E800882D6B /* StraggledGridView.swift */ = {isa = PBXFileReference; lastKnownFileType = sourcecode.swift; path = StraggledGridView.swift; sourceTree = "<group>"; };
		74B6C9872A50309700882D6B /* MealDetailView.swift */ = {isa = PBXFileReference; lastKnownFileType = sourcecode.swift; path = MealDetailView.swift; sourceTree = "<group>"; };
		74B6C98A2A50A80900882D6B /* CustomFontConstants.swift */ = {isa = PBXFileReference; lastKnownFileType = sourcecode.swift; path = CustomFontConstants.swift; sourceTree = "<group>"; };
		74B6C98F2A51C4AA00882D6B /* PortionButton.swift */ = {isa = PBXFileReference; lastKnownFileType = sourcecode.swift; path = PortionButton.swift; sourceTree = "<group>"; };
		74B6C9932A51CEE000882D6B /* PortionButtonViewModel.swift */ = {isa = PBXFileReference; lastKnownFileType = sourcecode.swift; path = PortionButtonViewModel.swift; sourceTree = "<group>"; };
		74B6C9952A51DFF700882D6B /* CustomStepper.swift */ = {isa = PBXFileReference; lastKnownFileType = sourcecode.swift; path = CustomStepper.swift; sourceTree = "<group>"; };
		74B7D3032A42DC4200A43A45 /* SideMenu.swift */ = {isa = PBXFileReference; lastKnownFileType = sourcecode.swift; path = SideMenu.swift; sourceTree = "<group>"; };
		74B7D30B2A44CE8000A43A45 /* Endpoint.swift */ = {isa = PBXFileReference; lastKnownFileType = sourcecode.swift; path = Endpoint.swift; sourceTree = "<group>"; };
		74B7D30D2A44CE9800A43A45 /* HTTPClient.swift */ = {isa = PBXFileReference; lastKnownFileType = sourcecode.swift; path = HTTPClient.swift; sourceTree = "<group>"; };
		74B7D30F2A44CEA600A43A45 /* HTTPMethod.swift */ = {isa = PBXFileReference; lastKnownFileType = sourcecode.swift; path = HTTPMethod.swift; sourceTree = "<group>"; };
		74B7D3112A44CEBD00A43A45 /* RequestError.swift */ = {isa = PBXFileReference; lastKnownFileType = sourcecode.swift; path = RequestError.swift; sourceTree = "<group>"; };
		74B7D3132A44CFD900A43A45 /* FoodieEndPoints.swift */ = {isa = PBXFileReference; lastKnownFileType = sourcecode.swift; path = FoodieEndPoints.swift; sourceTree = "<group>"; };
		74B7D3152A45955400A43A45 /* NetworkService.swift */ = {isa = PBXFileReference; lastKnownFileType = sourcecode.swift; path = NetworkService.swift; sourceTree = "<group>"; };
		74B7D3172A45957E00A43A45 /* Category.swift */ = {isa = PBXFileReference; lastKnownFileType = sourcecode.swift; path = Category.swift; sourceTree = "<group>"; };
		74B7D31A2A45978200A43A45 /* DiscoverCategoriesViewModel.swift */ = {isa = PBXFileReference; lastKnownFileType = sourcecode.swift; path = DiscoverCategoriesViewModel.swift; sourceTree = "<group>"; };
		74B7D31C2A45A1EE00A43A45 /* LoadableImage.swift */ = {isa = PBXFileReference; lastKnownFileType = sourcecode.swift; path = LoadableImage.swift; sourceTree = "<group>"; };
/* End PBXFileReference section */

/* Begin PBXFrameworksBuildPhase section */
		749CFAD82A3DBA7D00380161 /* Frameworks */ = {
			isa = PBXFrameworksBuildPhase;
			buildActionMask = 2147483647;
			files = (
				749CFB4D2A3F671400380161 /* FirebaseAuth in Frameworks */,
				749CFB4F2A3F671400380161 /* FirebaseFirestore in Frameworks */,
				749CFB512A3F671400380161 /* FirebaseFirestoreSwift in Frameworks */,
			);
			runOnlyForDeploymentPostprocessing = 0;
		};
		749CFAE82A3DBA8000380161 /* Frameworks */ = {
			isa = PBXFrameworksBuildPhase;
			buildActionMask = 2147483647;
			files = (
			);
			runOnlyForDeploymentPostprocessing = 0;
		};
		749CFAF22A3DBA8000380161 /* Frameworks */ = {
			isa = PBXFrameworksBuildPhase;
			buildActionMask = 2147483647;
			files = (
			);
			runOnlyForDeploymentPostprocessing = 0;
		};
/* End PBXFrameworksBuildPhase section */

/* Begin PBXGroup section */
		749CFAD22A3DBA7D00380161 = {
			isa = PBXGroup;
			children = (
				749CFB572A404F7800380161 /* GoogleService-Info.plist */,
				749CFADD2A3DBA7D00380161 /* FoodieApp */,
				749CFAEE2A3DBA8000380161 /* FoodieAppTests */,
				749CFAF82A3DBA8000380161 /* FoodieAppUITests */,
				749CFADC2A3DBA7D00380161 /* Products */,
			);
			sourceTree = "<group>";
		};
		749CFADC2A3DBA7D00380161 /* Products */ = {
			isa = PBXGroup;
			children = (
				749CFADB2A3DBA7D00380161 /* FoodieApp.app */,
				749CFAEB2A3DBA8000380161 /* FoodieAppTests.xctest */,
				749CFAF52A3DBA8000380161 /* FoodieAppUITests.xctest */,
			);
			name = Products;
			sourceTree = "<group>";
		};
		749CFADD2A3DBA7D00380161 /* FoodieApp */ = {
			isa = PBXGroup;
			children = (
				749CFB462A3EFBE700380161 /* Info.plist */,
				749CFB1F2A3EFB4600380161 /* Font */,
				749CFB542A404C0C00380161 /* Managers */,
				74B7D3072A44CE4700A43A45 /* Network */,
				749CFB552A404C1F00380161 /* Models */,
				749CFB0D2A3DD39400380161 /* Application */,
				74B6C9802A4C9A5F00882D6B /* Utils */,
				749CFADE2A3DBA7D00380161 /* FoodieAppApp.swift */,
				749CFAE02A3DBA7D00380161 /* ContentView.swift */,
				749CFAE22A3DBA7F00380161 /* Assets.xcassets */,
				749CFAE42A3DBA7F00380161 /* Preview Content */,
			);
			path = FoodieApp;
			sourceTree = "<group>";
		};
		749CFAE42A3DBA7F00380161 /* Preview Content */ = {
			isa = PBXGroup;
			children = (
				749CFAE52A3DBA7F00380161 /* Preview Assets.xcassets */,
			);
			path = "Preview Content";
			sourceTree = "<group>";
		};
		749CFAEE2A3DBA8000380161 /* FoodieAppTests */ = {
			isa = PBXGroup;
			children = (
				749CFAEF2A3DBA8000380161 /* FoodieAppTests.swift */,
			);
			path = FoodieAppTests;
			sourceTree = "<group>";
		};
		749CFAF82A3DBA8000380161 /* FoodieAppUITests */ = {
			isa = PBXGroup;
			children = (
				749CFAF92A3DBA8000380161 /* FoodieAppUITests.swift */,
				749CFAFB2A3DBA8000380161 /* FoodieAppUITestsLaunchTests.swift */,
			);
			path = FoodieAppUITests;
			sourceTree = "<group>";
		};
		749CFB082A3DD22A00380161 /* ResuableItems */ = {
			isa = PBXGroup;
			children = (
				749CFB1D2A3EF78C00380161 /* CustomTextField.swift */,
				749CFB752A41D61900380161 /* SearchBar.swift */,
				74B7D31C2A45A1EE00A43A45 /* LoadableImage.swift */,
				74B6C9842A4CB7E800882D6B /* StraggledGridView.swift */,
			);
			path = ResuableItems;
			sourceTree = "<group>";
		};
		749CFB0D2A3DD39400380161 /* Application */ = {
			isa = PBXGroup;
			children = (
				749CFB712A41D3AA00380161 /* Cart */,
				749CFB6E2A41D38E00380161 /* Favorites */,
				749CFB6B2A41D37E00380161 /* Notfications */,
				749CFB682A41D36B00380161 /* Location */,
				749CFB672A41D35B00380161 /* Discover */,
				749CFB5E2A4060CD00380161 /* Tabbar */,
				749CFB152A3E3A0800380161 /* Authentication */,
				749CFB0E2A3DD39A00380161 /* Onboarding */,
			);
			path = Application;
			sourceTree = "<group>";
		};
		749CFB0E2A3DD39A00380161 /* Onboarding */ = {
			isa = PBXGroup;
			children = (
				749CFB112A3DDC5300380161 /* OnboardingView.swift */,
				749CFB0F2A3DD3A700380161 /* OnboardingInfoView.swift */,
				749CFB0B2A3DD24B00380161 /* OnboardingButton.swift */,
			);
			path = Onboarding;
			sourceTree = "<group>";
		};
		749CFB152A3E3A0800380161 /* Authentication */ = {
			isa = PBXGroup;
			children = (
				749CFB562A404C3D00380161 /* Views */,
			);
			path = Authentication;
			sourceTree = "<group>";
		};
		749CFB1F2A3EFB4600380161 /* Font */ = {
			isa = PBXGroup;
			children = (
				749CFB2D2A3EFB9700380161 /* Poppins-Black.ttf */,
				749CFB2B2A3EFB9700380161 /* Poppins-Bold.ttf */,
				749CFB302A3EFB9800380161 /* Poppins-ExtraLight.ttf */,
				749CFB2A2A3EFB9700380161 /* Poppins-Light.ttf */,
				749CFB2F2A3EFB9700380161 /* Poppins-Medium.ttf */,
				749CFB312A3EFB9800380161 /* Poppins-Regular.ttf */,
				749CFB322A3EFB9800380161 /* Poppins-SemiBold.ttf */,
				749CFB332A3EFB9800380161 /* Poppins-Thin.ttf */,
			);
			path = Font;
			sourceTree = "<group>";
		};
		749CFB542A404C0C00380161 /* Managers */ = {
			isa = PBXGroup;
			children = (
				749CFB522A3F68AD00380161 /* AuthenticationManager.swift */,
				749CFB182A3E3EF000380161 /* SessionManager.swift */,
				749CFB132A3DDC9700380161 /* OnboardingManager.swift */,
			);
			path = Managers;
			sourceTree = "<group>";
		};
		749CFB552A404C1F00380161 /* Models */ = {
			isa = PBXGroup;
			children = (
				749CFB5C2A40523B00380161 /* User.swift */,
				74B7D3172A45957E00A43A45 /* Category.swift */,
				74B6C9762A4763A700882D6B /* Meal.swift */,
				74287DAF2A5348EA0084CF97 /* MealDetail.swift */,
			);
			path = Models;
			sourceTree = "<group>";
		};
		749CFB562A404C3D00380161 /* Views */ = {
			isa = PBXGroup;
			children = (
				749CFB162A3E3A1300380161 /* LoginView.swift */,
				749CFB492A3F53D500380161 /* RegisterationView.swift */,
				749CFB472A3EFFDE00380161 /* SocialMediaButton.swift */,
				749CFB592A404F9300380161 /* ViewModel */,
			);
			path = Views;
			sourceTree = "<group>";
		};
		749CFB592A404F9300380161 /* ViewModel */ = {
			isa = PBXGroup;
			children = (
				749CFB5A2A404FA800380161 /* AuthenticationViewModel.swift */,
			);
			path = ViewModel;
			sourceTree = "<group>";
		};
		749CFB5E2A4060CD00380161 /* Tabbar */ = {
			isa = PBXGroup;
			children = (
				749CFB5F2A4060D700380161 /* CustomTabbar.swift */,
				749CFB622A41D0F700380161 /* TabBar.swift */,
			);
			path = Tabbar;
			sourceTree = "<group>";
		};
		749CFB672A41D35B00380161 /* Discover */ = {
			isa = PBXGroup;
			children = (
				74B6C9862A50308A00882D6B /* MealDetail */,
				74B6C9792A4B260E00882D6B /* Meals */,
				74B6C9782A4B25F200882D6B /* DiscoverCategories */,
				74B7D3032A42DC4200A43A45 /* SideMenu.swift */,
			);
			path = Discover;
			sourceTree = "<group>";
		};
		749CFB682A41D36B00380161 /* Location */ = {
			isa = PBXGroup;
			children = (
				749CFB692A41D37200380161 /* LocationView.swift */,
			);
			path = Location;
			sourceTree = "<group>";
		};
		749CFB6B2A41D37E00380161 /* Notfications */ = {
			isa = PBXGroup;
			children = (
				749CFB6C2A41D38800380161 /* NotificationView.swift */,
			);
			path = Notfications;
			sourceTree = "<group>";
		};
		749CFB6E2A41D38E00380161 /* Favorites */ = {
			isa = PBXGroup;
			children = (
				749CFB6F2A41D39800380161 /* FavoritesView.swift */,
			);
			path = Favorites;
			sourceTree = "<group>";
		};
		749CFB712A41D3AA00380161 /* Cart */ = {
			isa = PBXGroup;
			children = (
				749CFB722A41D3B000380161 /* CartView.swift */,
			);
			path = Cart;
			sourceTree = "<group>";
		};
		74B6C9782A4B25F200882D6B /* DiscoverCategories */ = {
			isa = PBXGroup;
			children = (
				749CFB652A41D32A00380161 /* DiscoverCategoriesView.swift */,
				749CFB772A41DB4F00380161 /* CategoryCardView.swift */,
				74B7D3192A45974D00A43A45 /* ViewModel */,
			);
			path = DiscoverCategories;
			sourceTree = "<group>";
		};
		74B6C9792A4B260E00882D6B /* Meals */ = {
			isa = PBXGroup;
			children = (
				74B6C97E2A4B2E0900882D6B /* MealCardView.swift */,
				74B6C97A2A4B261C00882D6B /* MealsView.swift */,
				74B6C97C2A4B295C00882D6B /* MealsViewModel.swift */,
			);
			path = Meals;
			sourceTree = "<group>";
		};
		74B6C9802A4C9A5F00882D6B /* Utils */ = {
			isa = PBXGroup;
			children = (
				74B6C9892A50A7FE00882D6B /* Constants */,
				74B6C9812A4C9A6A00882D6B /* Extensions */,
				749CFB082A3DD22A00380161 /* ResuableItems */,
			);
			path = Utils;
			sourceTree = "<group>";
		};
		74B6C9812A4C9A6A00882D6B /* Extensions */ = {
			isa = PBXGroup;
			children = (
				74B6C9822A4C9A7200882D6B /* Double.swift */,
			);
			path = Extensions;
			sourceTree = "<group>";
		};
		74B6C9862A50308A00882D6B /* MealDetail */ = {
			isa = PBXGroup;
			children = (
				74B6C9912A51CE5600882D6B /* Views */,
				74B6C9922A51CEB600882D6B /* ViewModels */,
			);
			path = MealDetail;
			sourceTree = "<group>";
		};
		74B6C9892A50A7FE00882D6B /* Constants */ = {
			isa = PBXGroup;
			children = (
				74B6C98A2A50A80900882D6B /* CustomFontConstants.swift */,
			);
			path = Constants;
			sourceTree = "<group>";
		};
		74B6C9912A51CE5600882D6B /* Views */ = {
			isa = PBXGroup;
			children = (
				74B6C9872A50309700882D6B /* MealDetailView.swift */,
				74B6C9952A51DFF700882D6B /* CustomStepper.swift */,
				74B6C98F2A51C4AA00882D6B /* PortionButton.swift */,
			);
			path = Views;
			sourceTree = "<group>";
		};
		74B6C9922A51CEB600882D6B /* ViewModels */ = {
			isa = PBXGroup;
			children = (
				74B6C9932A51CEE000882D6B /* PortionButtonViewModel.swift */,
				74287DAD2A5348310084CF97 /* MealDetailViewModel.swift */,
			);
			path = ViewModels;
			sourceTree = "<group>";
		};
		74B7D3072A44CE4700A43A45 /* Network */ = {
			isa = PBXGroup;
			children = (
				74B7D3082A44CE5300A43A45 /* Base */,
				74B7D3092A44CE5A00A43A45 /* Endpoints */,
				74B7D30A2A44CE6200A43A45 /* Service */,
			);
			path = Network;
			sourceTree = "<group>";
		};
		74B7D3082A44CE5300A43A45 /* Base */ = {
			isa = PBXGroup;
			children = (
				74B7D30B2A44CE8000A43A45 /* Endpoint.swift */,
				74B7D30D2A44CE9800A43A45 /* HTTPClient.swift */,
				74B7D30F2A44CEA600A43A45 /* HTTPMethod.swift */,
				74B7D3112A44CEBD00A43A45 /* RequestError.swift */,
			);
			path = Base;
			sourceTree = "<group>";
		};
		74B7D3092A44CE5A00A43A45 /* Endpoints */ = {
			isa = PBXGroup;
			children = (
				74B7D3132A44CFD900A43A45 /* FoodieEndPoints.swift */,
			);
			path = Endpoints;
			sourceTree = "<group>";
		};
		74B7D30A2A44CE6200A43A45 /* Service */ = {
			isa = PBXGroup;
			children = (
				74B7D3152A45955400A43A45 /* NetworkService.swift */,
			);
			path = Service;
			sourceTree = "<group>";
		};
		74B7D3192A45974D00A43A45 /* ViewModel */ = {
			isa = PBXGroup;
			children = (
				74B7D31A2A45978200A43A45 /* DiscoverCategoriesViewModel.swift */,
			);
			path = ViewModel;
			sourceTree = "<group>";
		};
/* End PBXGroup section */

/* Begin PBXNativeTarget section */
		749CFADA2A3DBA7D00380161 /* FoodieApp */ = {
			isa = PBXNativeTarget;
			buildConfigurationList = 749CFAFF2A3DBA8000380161 /* Build configuration list for PBXNativeTarget "FoodieApp" */;
			buildPhases = (
				749CFAD72A3DBA7D00380161 /* Sources */,
				749CFAD82A3DBA7D00380161 /* Frameworks */,
				749CFAD92A3DBA7D00380161 /* Resources */,
			);
			buildRules = (
			);
			dependencies = (
			);
			name = FoodieApp;
			packageProductDependencies = (
				749CFB4C2A3F671400380161 /* FirebaseAuth */,
				749CFB4E2A3F671400380161 /* FirebaseFirestore */,
				749CFB502A3F671400380161 /* FirebaseFirestoreSwift */,
			);
			productName = FoodieApp;
			productReference = 749CFADB2A3DBA7D00380161 /* FoodieApp.app */;
			productType = "com.apple.product-type.application";
		};
		749CFAEA2A3DBA8000380161 /* FoodieAppTests */ = {
			isa = PBXNativeTarget;
			buildConfigurationList = 749CFB022A3DBA8000380161 /* Build configuration list for PBXNativeTarget "FoodieAppTests" */;
			buildPhases = (
				749CFAE72A3DBA8000380161 /* Sources */,
				749CFAE82A3DBA8000380161 /* Frameworks */,
				749CFAE92A3DBA8000380161 /* Resources */,
			);
			buildRules = (
			);
			dependencies = (
				749CFAED2A3DBA8000380161 /* PBXTargetDependency */,
			);
			name = FoodieAppTests;
			productName = FoodieAppTests;
			productReference = 749CFAEB2A3DBA8000380161 /* FoodieAppTests.xctest */;
			productType = "com.apple.product-type.bundle.unit-test";
		};
		749CFAF42A3DBA8000380161 /* FoodieAppUITests */ = {
			isa = PBXNativeTarget;
			buildConfigurationList = 749CFB052A3DBA8000380161 /* Build configuration list for PBXNativeTarget "FoodieAppUITests" */;
			buildPhases = (
				749CFAF12A3DBA8000380161 /* Sources */,
				749CFAF22A3DBA8000380161 /* Frameworks */,
				749CFAF32A3DBA8000380161 /* Resources */,
			);
			buildRules = (
			);
			dependencies = (
				749CFAF72A3DBA8000380161 /* PBXTargetDependency */,
			);
			name = FoodieAppUITests;
			productName = FoodieAppUITests;
			productReference = 749CFAF52A3DBA8000380161 /* FoodieAppUITests.xctest */;
			productType = "com.apple.product-type.bundle.ui-testing";
		};
/* End PBXNativeTarget section */

/* Begin PBXProject section */
		749CFAD32A3DBA7D00380161 /* Project object */ = {
			isa = PBXProject;
			attributes = {
				BuildIndependentTargetsInParallel = 1;
				LastSwiftUpdateCheck = 1430;
				LastUpgradeCheck = 1430;
				TargetAttributes = {
					749CFADA2A3DBA7D00380161 = {
						CreatedOnToolsVersion = 14.3.1;
					};
					749CFAEA2A3DBA8000380161 = {
						CreatedOnToolsVersion = 14.3.1;
						TestTargetID = 749CFADA2A3DBA7D00380161;
					};
					749CFAF42A3DBA8000380161 = {
						CreatedOnToolsVersion = 14.3.1;
						TestTargetID = 749CFADA2A3DBA7D00380161;
					};
				};
			};
			buildConfigurationList = 749CFAD62A3DBA7D00380161 /* Build configuration list for PBXProject "FoodieApp" */;
			compatibilityVersion = "Xcode 14.0";
			developmentRegion = en;
			hasScannedForEncodings = 0;
			knownRegions = (
				en,
				Base,
			);
			mainGroup = 749CFAD22A3DBA7D00380161;
			packageReferences = (
				749CFB4B2A3F671300380161 /* XCRemoteSwiftPackageReference "firebase-ios-sdk" */,
			);
			productRefGroup = 749CFADC2A3DBA7D00380161 /* Products */;
			projectDirPath = "";
			projectRoot = "";
			targets = (
				749CFADA2A3DBA7D00380161 /* FoodieApp */,
				749CFAEA2A3DBA8000380161 /* FoodieAppTests */,
				749CFAF42A3DBA8000380161 /* FoodieAppUITests */,
			);
		};
/* End PBXProject section */

/* Begin PBXResourcesBuildPhase section */
		749CFAD92A3DBA7D00380161 /* Resources */ = {
			isa = PBXResourcesBuildPhase;
			buildActionMask = 2147483647;
			files = (
				749CFB422A3EFB9800380161 /* Poppins-ExtraLight.ttf in Resources */,
				749CFB432A3EFB9800380161 /* Poppins-Regular.ttf in Resources */,
				749CFB442A3EFB9800380161 /* Poppins-SemiBold.ttf in Resources */,
				749CFB412A3EFB9800380161 /* Poppins-Medium.ttf in Resources */,
				749CFB452A3EFB9800380161 /* Poppins-Thin.ttf in Resources */,
				749CFAE62A3DBA7F00380161 /* Preview Assets.xcassets in Resources */,
				749CFAE32A3DBA7F00380161 /* Assets.xcassets in Resources */,
				749CFB3D2A3EFB9800380161 /* Poppins-Bold.ttf in Resources */,
				749CFB582A404F7800380161 /* GoogleService-Info.plist in Resources */,
				749CFB3F2A3EFB9800380161 /* Poppins-Black.ttf in Resources */,
				749CFB3C2A3EFB9800380161 /* Poppins-Light.ttf in Resources */,
			);
			runOnlyForDeploymentPostprocessing = 0;
		};
		749CFAE92A3DBA8000380161 /* Resources */ = {
			isa = PBXResourcesBuildPhase;
			buildActionMask = 2147483647;
			files = (
			);
			runOnlyForDeploymentPostprocessing = 0;
		};
		749CFAF32A3DBA8000380161 /* Resources */ = {
			isa = PBXResourcesBuildPhase;
			buildActionMask = 2147483647;
			files = (
			);
			runOnlyForDeploymentPostprocessing = 0;
		};
/* End PBXResourcesBuildPhase section */

/* Begin PBXSourcesBuildPhase section */
		749CFAD72A3DBA7D00380161 /* Sources */ = {
			isa = PBXSourcesBuildPhase;
			buildActionMask = 2147483647;
			files = (
				74B6C97F2A4B2E0900882D6B /* MealCardView.swift in Sources */,
				74B7D3122A44CEBD00A43A45 /* RequestError.swift in Sources */,
				749CFB702A41D39800380161 /* FavoritesView.swift in Sources */,
				749CFB5B2A404FA800380161 /* AuthenticationViewModel.swift in Sources */,
				74B7D3182A45957E00A43A45 /* Category.swift in Sources */,
				74B7D30E2A44CE9800A43A45 /* HTTPClient.swift in Sources */,
				74B6C97D2A4B295C00882D6B /* MealsViewModel.swift in Sources */,
				749CFB662A41D32A00380161 /* DiscoverCategoriesView.swift in Sources */,
				74B6C9962A51DFF700882D6B /* CustomStepper.swift in Sources */,
				749CFB142A3DDC9700380161 /* OnboardingManager.swift in Sources */,
				749CFB172A3E3A1300380161 /* LoginView.swift in Sources */,
				749CFB602A4060D700380161 /* CustomTabbar.swift in Sources */,
				74B7D3142A44CFD900A43A45 /* FoodieEndPoints.swift in Sources */,
				749CFAE12A3DBA7D00380161 /* ContentView.swift in Sources */,
				74B7D3162A45955400A43A45 /* NetworkService.swift in Sources */,
				749CFB102A3DD3A700380161 /* OnboardingInfoView.swift in Sources */,
				749CFB6A2A41D37200380161 /* LocationView.swift in Sources */,
				74287DB02A5348EA0084CF97 /* MealDetail.swift in Sources */,
				749CFB762A41D61900380161 /* SearchBar.swift in Sources */,
				749CFB0C2A3DD24B00380161 /* OnboardingButton.swift in Sources */,
				74B6C9852A4CB7E800882D6B /* StraggledGridView.swift in Sources */,
				749CFB5D2A40523C00380161 /* User.swift in Sources */,
				74B7D3042A42DC4200A43A45 /* SideMenu.swift in Sources */,
				749CFB122A3DDC5300380161 /* OnboardingView.swift in Sources */,
				74B6C97B2A4B261C00882D6B /* MealsView.swift in Sources */,
				749CFB192A3E3EF000380161 /* SessionManager.swift in Sources */,
				74B6C9772A4763A700882D6B /* Meal.swift in Sources */,
				749CFADF2A3DBA7D00380161 /* FoodieAppApp.swift in Sources */,
				749CFB4A2A3F53D500380161 /* RegisterationView.swift in Sources */,
				74B6C9942A51CEE000882D6B /* PortionButtonViewModel.swift in Sources */,
				749CFB732A41D3B000380161 /* CartView.swift in Sources */,
				74B6C9902A51C4AA00882D6B /* PortionButton.swift in Sources */,
				74B6C9882A50309700882D6B /* MealDetailView.swift in Sources */,
				749CFB532A3F68AD00380161 /* AuthenticationManager.swift in Sources */,
				74B6C9832A4C9A7200882D6B /* Double.swift in Sources */,
				74B6C98B2A50A80900882D6B /* CustomFontConstants.swift in Sources */,
				749CFB782A41DB4F00380161 /* CategoryCardView.swift in Sources */,
				749CFB632A41D0F700380161 /* TabBar.swift in Sources */,
				749CFB1E2A3EF78C00380161 /* CustomTextField.swift in Sources */,
				74B7D31D2A45A1EE00A43A45 /* LoadableImage.swift in Sources */,
				74B7D3102A44CEA600A43A45 /* HTTPMethod.swift in Sources */,
				749CFB6D2A41D38800380161 /* NotificationView.swift in Sources */,
				74B7D31B2A45978200A43A45 /* DiscoverCategoriesViewModel.swift in Sources */,
				749CFB482A3EFFDE00380161 /* SocialMediaButton.swift in Sources */,
				74287DAE2A5348310084CF97 /* MealDetailViewModel.swift in Sources */,
				74B7D30C2A44CE8000A43A45 /* Endpoint.swift in Sources */,
			);
			runOnlyForDeploymentPostprocessing = 0;
		};
		749CFAE72A3DBA8000380161 /* Sources */ = {
			isa = PBXSourcesBuildPhase;
			buildActionMask = 2147483647;
			files = (
				749CFAF02A3DBA8000380161 /* FoodieAppTests.swift in Sources */,
			);
			runOnlyForDeploymentPostprocessing = 0;
		};
		749CFAF12A3DBA8000380161 /* Sources */ = {
			isa = PBXSourcesBuildPhase;
			buildActionMask = 2147483647;
			files = (
				749CFAFC2A3DBA8000380161 /* FoodieAppUITestsLaunchTests.swift in Sources */,
				749CFAFA2A3DBA8000380161 /* FoodieAppUITests.swift in Sources */,
			);
			runOnlyForDeploymentPostprocessing = 0;
		};
/* End PBXSourcesBuildPhase section */

/* Begin PBXTargetDependency section */
		749CFAED2A3DBA8000380161 /* PBXTargetDependency */ = {
			isa = PBXTargetDependency;
			target = 749CFADA2A3DBA7D00380161 /* FoodieApp */;
			targetProxy = 749CFAEC2A3DBA8000380161 /* PBXContainerItemProxy */;
		};
		749CFAF72A3DBA8000380161 /* PBXTargetDependency */ = {
			isa = PBXTargetDependency;
			target = 749CFADA2A3DBA7D00380161 /* FoodieApp */;
			targetProxy = 749CFAF62A3DBA8000380161 /* PBXContainerItemProxy */;
		};
/* End PBXTargetDependency section */

/* Begin XCBuildConfiguration section */
		749CFAFD2A3DBA8000380161 /* Debug */ = {
			isa = XCBuildConfiguration;
			buildSettings = {
				ALWAYS_SEARCH_USER_PATHS = NO;
				CLANG_ANALYZER_NONNULL = YES;
				CLANG_ANALYZER_NUMBER_OBJECT_CONVERSION = YES_AGGRESSIVE;
				CLANG_CXX_LANGUAGE_STANDARD = "gnu++20";
				CLANG_ENABLE_MODULES = YES;
				CLANG_ENABLE_OBJC_ARC = YES;
				CLANG_ENABLE_OBJC_WEAK = YES;
				CLANG_WARN_BLOCK_CAPTURE_AUTORELEASING = YES;
				CLANG_WARN_BOOL_CONVERSION = YES;
				CLANG_WARN_COMMA = YES;
				CLANG_WARN_CONSTANT_CONVERSION = YES;
				CLANG_WARN_DEPRECATED_OBJC_IMPLEMENTATIONS = YES;
				CLANG_WARN_DIRECT_OBJC_ISA_USAGE = YES_ERROR;
				CLANG_WARN_DOCUMENTATION_COMMENTS = YES;
				CLANG_WARN_EMPTY_BODY = YES;
				CLANG_WARN_ENUM_CONVERSION = YES;
				CLANG_WARN_INFINITE_RECURSION = YES;
				CLANG_WARN_INT_CONVERSION = YES;
				CLANG_WARN_NON_LITERAL_NULL_CONVERSION = YES;
				CLANG_WARN_OBJC_IMPLICIT_RETAIN_SELF = YES;
				CLANG_WARN_OBJC_LITERAL_CONVERSION = YES;
				CLANG_WARN_OBJC_ROOT_CLASS = YES_ERROR;
				CLANG_WARN_QUOTED_INCLUDE_IN_FRAMEWORK_HEADER = YES;
				CLANG_WARN_RANGE_LOOP_ANALYSIS = YES;
				CLANG_WARN_STRICT_PROTOTYPES = YES;
				CLANG_WARN_SUSPICIOUS_MOVE = YES;
				CLANG_WARN_UNGUARDED_AVAILABILITY = YES_AGGRESSIVE;
				CLANG_WARN_UNREACHABLE_CODE = YES;
				CLANG_WARN__DUPLICATE_METHOD_MATCH = YES;
				COPY_PHASE_STRIP = NO;
				DEBUG_INFORMATION_FORMAT = dwarf;
				ENABLE_STRICT_OBJC_MSGSEND = YES;
				ENABLE_TESTABILITY = YES;
				GCC_C_LANGUAGE_STANDARD = gnu11;
				GCC_DYNAMIC_NO_PIC = NO;
				GCC_NO_COMMON_BLOCKS = YES;
				GCC_OPTIMIZATION_LEVEL = 0;
				GCC_PREPROCESSOR_DEFINITIONS = (
					"DEBUG=1",
					"$(inherited)",
				);
				GCC_WARN_64_TO_32_BIT_CONVERSION = YES;
				GCC_WARN_ABOUT_RETURN_TYPE = YES_ERROR;
				GCC_WARN_UNDECLARED_SELECTOR = YES;
				GCC_WARN_UNINITIALIZED_AUTOS = YES_AGGRESSIVE;
				GCC_WARN_UNUSED_FUNCTION = YES;
				GCC_WARN_UNUSED_VARIABLE = YES;
				IPHONEOS_DEPLOYMENT_TARGET = 16.4;
				MTL_ENABLE_DEBUG_INFO = INCLUDE_SOURCE;
				MTL_FAST_MATH = YES;
				ONLY_ACTIVE_ARCH = YES;
				SDKROOT = iphoneos;
				SWIFT_ACTIVE_COMPILATION_CONDITIONS = DEBUG;
				SWIFT_OPTIMIZATION_LEVEL = "-Onone";
			};
			name = Debug;
		};
		749CFAFE2A3DBA8000380161 /* Release */ = {
			isa = XCBuildConfiguration;
			buildSettings = {
				ALWAYS_SEARCH_USER_PATHS = NO;
				CLANG_ANALYZER_NONNULL = YES;
				CLANG_ANALYZER_NUMBER_OBJECT_CONVERSION = YES_AGGRESSIVE;
				CLANG_CXX_LANGUAGE_STANDARD = "gnu++20";
				CLANG_ENABLE_MODULES = YES;
				CLANG_ENABLE_OBJC_ARC = YES;
				CLANG_ENABLE_OBJC_WEAK = YES;
				CLANG_WARN_BLOCK_CAPTURE_AUTORELEASING = YES;
				CLANG_WARN_BOOL_CONVERSION = YES;
				CLANG_WARN_COMMA = YES;
				CLANG_WARN_CONSTANT_CONVERSION = YES;
				CLANG_WARN_DEPRECATED_OBJC_IMPLEMENTATIONS = YES;
				CLANG_WARN_DIRECT_OBJC_ISA_USAGE = YES_ERROR;
				CLANG_WARN_DOCUMENTATION_COMMENTS = YES;
				CLANG_WARN_EMPTY_BODY = YES;
				CLANG_WARN_ENUM_CONVERSION = YES;
				CLANG_WARN_INFINITE_RECURSION = YES;
				CLANG_WARN_INT_CONVERSION = YES;
				CLANG_WARN_NON_LITERAL_NULL_CONVERSION = YES;
				CLANG_WARN_OBJC_IMPLICIT_RETAIN_SELF = YES;
				CLANG_WARN_OBJC_LITERAL_CONVERSION = YES;
				CLANG_WARN_OBJC_ROOT_CLASS = YES_ERROR;
				CLANG_WARN_QUOTED_INCLUDE_IN_FRAMEWORK_HEADER = YES;
				CLANG_WARN_RANGE_LOOP_ANALYSIS = YES;
				CLANG_WARN_STRICT_PROTOTYPES = YES;
				CLANG_WARN_SUSPICIOUS_MOVE = YES;
				CLANG_WARN_UNGUARDED_AVAILABILITY = YES_AGGRESSIVE;
				CLANG_WARN_UNREACHABLE_CODE = YES;
				CLANG_WARN__DUPLICATE_METHOD_MATCH = YES;
				COPY_PHASE_STRIP = NO;
				DEBUG_INFORMATION_FORMAT = "dwarf-with-dsym";
				ENABLE_NS_ASSERTIONS = NO;
				ENABLE_STRICT_OBJC_MSGSEND = YES;
				GCC_C_LANGUAGE_STANDARD = gnu11;
				GCC_NO_COMMON_BLOCKS = YES;
				GCC_WARN_64_TO_32_BIT_CONVERSION = YES;
				GCC_WARN_ABOUT_RETURN_TYPE = YES_ERROR;
				GCC_WARN_UNDECLARED_SELECTOR = YES;
				GCC_WARN_UNINITIALIZED_AUTOS = YES_AGGRESSIVE;
				GCC_WARN_UNUSED_FUNCTION = YES;
				GCC_WARN_UNUSED_VARIABLE = YES;
				IPHONEOS_DEPLOYMENT_TARGET = 16.4;
				MTL_ENABLE_DEBUG_INFO = NO;
				MTL_FAST_MATH = YES;
				SDKROOT = iphoneos;
				SWIFT_COMPILATION_MODE = wholemodule;
				SWIFT_OPTIMIZATION_LEVEL = "-O";
				VALIDATE_PRODUCT = YES;
			};
			name = Release;
		};
		749CFB002A3DBA8000380161 /* Debug */ = {
			isa = XCBuildConfiguration;
			buildSettings = {
				ASSETCATALOG_COMPILER_APPICON_NAME = AppIcon;
				ASSETCATALOG_COMPILER_GLOBAL_ACCENT_COLOR_NAME = AccentColor;
				CODE_SIGN_STYLE = Automatic;
				CURRENT_PROJECT_VERSION = 1;
				DEVELOPMENT_ASSET_PATHS = "\"FoodieApp/Preview Content\"";
				DEVELOPMENT_TEAM = 3JFC7AD7WA;
				ENABLE_PREVIEWS = YES;
				GENERATE_INFOPLIST_FILE = YES;
				INFOPLIST_FILE = FoodieApp/Info.plist;
				INFOPLIST_KEY_UIApplicationSceneManifest_Generation = YES;
				INFOPLIST_KEY_UIApplicationSupportsIndirectInputEvents = YES;
				INFOPLIST_KEY_UILaunchScreen_Generation = YES;
				INFOPLIST_KEY_UISupportedInterfaceOrientations_iPad = "UIInterfaceOrientationPortrait UIInterfaceOrientationPortraitUpsideDown UIInterfaceOrientationLandscapeLeft UIInterfaceOrientationLandscapeRight";
				INFOPLIST_KEY_UISupportedInterfaceOrientations_iPhone = "UIInterfaceOrientationPortrait UIInterfaceOrientationLandscapeLeft UIInterfaceOrientationLandscapeRight";
				LD_RUNPATH_SEARCH_PATHS = (
					"$(inherited)",
					"@executable_path/Frameworks",
				);
				MARKETING_VERSION = 1.0;
				PRODUCT_BUNDLE_IDENTIFIER = comMuhammed.FoodieApp;
				PRODUCT_NAME = "$(TARGET_NAME)";
				SWIFT_EMIT_LOC_STRINGS = YES;
				SWIFT_VERSION = 5.0;
				TARGETED_DEVICE_FAMILY = "1,2";
			};
			name = Debug;
		};
		749CFB012A3DBA8000380161 /* Release */ = {
			isa = XCBuildConfiguration;
			buildSettings = {
				ASSETCATALOG_COMPILER_APPICON_NAME = AppIcon;
				ASSETCATALOG_COMPILER_GLOBAL_ACCENT_COLOR_NAME = AccentColor;
				CODE_SIGN_STYLE = Automatic;
				CURRENT_PROJECT_VERSION = 1;
				DEVELOPMENT_ASSET_PATHS = "\"FoodieApp/Preview Content\"";
				DEVELOPMENT_TEAM = 3JFC7AD7WA;
				ENABLE_PREVIEWS = YES;
				GENERATE_INFOPLIST_FILE = YES;
				INFOPLIST_FILE = FoodieApp/Info.plist;
				INFOPLIST_KEY_UIApplicationSceneManifest_Generation = YES;
				INFOPLIST_KEY_UIApplicationSupportsIndirectInputEvents = YES;
				INFOPLIST_KEY_UILaunchScreen_Generation = YES;
				INFOPLIST_KEY_UISupportedInterfaceOrientations_iPad = "UIInterfaceOrientationPortrait UIInterfaceOrientationPortraitUpsideDown UIInterfaceOrientationLandscapeLeft UIInterfaceOrientationLandscapeRight";
				INFOPLIST_KEY_UISupportedInterfaceOrientations_iPhone = "UIInterfaceOrientationPortrait UIInterfaceOrientationLandscapeLeft UIInterfaceOrientationLandscapeRight";
				LD_RUNPATH_SEARCH_PATHS = (
					"$(inherited)",
					"@executable_path/Frameworks",
				);
				MARKETING_VERSION = 1.0;
				PRODUCT_BUNDLE_IDENTIFIER = comMuhammed.FoodieApp;
				PRODUCT_NAME = "$(TARGET_NAME)";
				SWIFT_EMIT_LOC_STRINGS = YES;
				SWIFT_VERSION = 5.0;
				TARGETED_DEVICE_FAMILY = "1,2";
			};
			name = Release;
		};
		749CFB032A3DBA8000380161 /* Debug */ = {
			isa = XCBuildConfiguration;
			buildSettings = {
				ALWAYS_EMBED_SWIFT_STANDARD_LIBRARIES = YES;
				BUNDLE_LOADER = "$(TEST_HOST)";
				CODE_SIGN_STYLE = Automatic;
				CURRENT_PROJECT_VERSION = 1;
				DEVELOPMENT_TEAM = 3JFC7AD7WA;
				GENERATE_INFOPLIST_FILE = YES;
				IPHONEOS_DEPLOYMENT_TARGET = 16.4;
				MARKETING_VERSION = 1.0;
				PRODUCT_BUNDLE_IDENTIFIER = comMuhammed.FoodieAppTests;
				PRODUCT_NAME = "$(TARGET_NAME)";
				SWIFT_EMIT_LOC_STRINGS = NO;
				SWIFT_VERSION = 5.0;
				TARGETED_DEVICE_FAMILY = "1,2";
				TEST_HOST = "$(BUILT_PRODUCTS_DIR)/FoodieApp.app/$(BUNDLE_EXECUTABLE_FOLDER_PATH)/FoodieApp";
			};
			name = Debug;
		};
		749CFB042A3DBA8000380161 /* Release */ = {
			isa = XCBuildConfiguration;
			buildSettings = {
				ALWAYS_EMBED_SWIFT_STANDARD_LIBRARIES = YES;
				BUNDLE_LOADER = "$(TEST_HOST)";
				CODE_SIGN_STYLE = Automatic;
				CURRENT_PROJECT_VERSION = 1;
				DEVELOPMENT_TEAM = 3JFC7AD7WA;
				GENERATE_INFOPLIST_FILE = YES;
				IPHONEOS_DEPLOYMENT_TARGET = 16.4;
				MARKETING_VERSION = 1.0;
				PRODUCT_BUNDLE_IDENTIFIER = comMuhammed.FoodieAppTests;
				PRODUCT_NAME = "$(TARGET_NAME)";
				SWIFT_EMIT_LOC_STRINGS = NO;
				SWIFT_VERSION = 5.0;
				TARGETED_DEVICE_FAMILY = "1,2";
				TEST_HOST = "$(BUILT_PRODUCTS_DIR)/FoodieApp.app/$(BUNDLE_EXECUTABLE_FOLDER_PATH)/FoodieApp";
			};
			name = Release;
		};
		749CFB062A3DBA8000380161 /* Debug */ = {
			isa = XCBuildConfiguration;
			buildSettings = {
				ALWAYS_EMBED_SWIFT_STANDARD_LIBRARIES = YES;
				CODE_SIGN_STYLE = Automatic;
				CURRENT_PROJECT_VERSION = 1;
				DEVELOPMENT_TEAM = 3JFC7AD7WA;
				GENERATE_INFOPLIST_FILE = YES;
				MARKETING_VERSION = 1.0;
				PRODUCT_BUNDLE_IDENTIFIER = comMuhammed.FoodieAppUITests;
				PRODUCT_NAME = "$(TARGET_NAME)";
				SWIFT_EMIT_LOC_STRINGS = NO;
				SWIFT_VERSION = 5.0;
				TARGETED_DEVICE_FAMILY = "1,2";
				TEST_TARGET_NAME = FoodieApp;
			};
			name = Debug;
		};
		749CFB072A3DBA8000380161 /* Release */ = {
			isa = XCBuildConfiguration;
			buildSettings = {
				ALWAYS_EMBED_SWIFT_STANDARD_LIBRARIES = YES;
				CODE_SIGN_STYLE = Automatic;
				CURRENT_PROJECT_VERSION = 1;
				DEVELOPMENT_TEAM = 3JFC7AD7WA;
				GENERATE_INFOPLIST_FILE = YES;
				MARKETING_VERSION = 1.0;
				PRODUCT_BUNDLE_IDENTIFIER = comMuhammed.FoodieAppUITests;
				PRODUCT_NAME = "$(TARGET_NAME)";
				SWIFT_EMIT_LOC_STRINGS = NO;
				SWIFT_VERSION = 5.0;
				TARGETED_DEVICE_FAMILY = "1,2";
				TEST_TARGET_NAME = FoodieApp;
			};
			name = Release;
		};
/* End XCBuildConfiguration section */

/* Begin XCConfigurationList section */
		749CFAD62A3DBA7D00380161 /* Build configuration list for PBXProject "FoodieApp" */ = {
			isa = XCConfigurationList;
			buildConfigurations = (
				749CFAFD2A3DBA8000380161 /* Debug */,
				749CFAFE2A3DBA8000380161 /* Release */,
			);
			defaultConfigurationIsVisible = 0;
			defaultConfigurationName = Release;
		};
		749CFAFF2A3DBA8000380161 /* Build configuration list for PBXNativeTarget "FoodieApp" */ = {
			isa = XCConfigurationList;
			buildConfigurations = (
				749CFB002A3DBA8000380161 /* Debug */,
				749CFB012A3DBA8000380161 /* Release */,
			);
			defaultConfigurationIsVisible = 0;
			defaultConfigurationName = Release;
		};
		749CFB022A3DBA8000380161 /* Build configuration list for PBXNativeTarget "FoodieAppTests" */ = {
			isa = XCConfigurationList;
			buildConfigurations = (
				749CFB032A3DBA8000380161 /* Debug */,
				749CFB042A3DBA8000380161 /* Release */,
			);
			defaultConfigurationIsVisible = 0;
			defaultConfigurationName = Release;
		};
		749CFB052A3DBA8000380161 /* Build configuration list for PBXNativeTarget "FoodieAppUITests" */ = {
			isa = XCConfigurationList;
			buildConfigurations = (
				749CFB062A3DBA8000380161 /* Debug */,
				749CFB072A3DBA8000380161 /* Release */,
			);
			defaultConfigurationIsVisible = 0;
			defaultConfigurationName = Release;
		};
/* End XCConfigurationList section */

/* Begin XCRemoteSwiftPackageReference section */
		749CFB4B2A3F671300380161 /* XCRemoteSwiftPackageReference "firebase-ios-sdk" */ = {
			isa = XCRemoteSwiftPackageReference;
			repositoryURL = "https://github.com/firebase/firebase-ios-sdk";
			requirement = {
				kind = upToNextMajorVersion;
				minimumVersion = 10.0.0;
			};
		};
/* End XCRemoteSwiftPackageReference section */

/* Begin XCSwiftPackageProductDependency section */
		749CFB4C2A3F671400380161 /* FirebaseAuth */ = {
			isa = XCSwiftPackageProductDependency;
			package = 749CFB4B2A3F671300380161 /* XCRemoteSwiftPackageReference "firebase-ios-sdk" */;
			productName = FirebaseAuth;
		};
		749CFB4E2A3F671400380161 /* FirebaseFirestore */ = {
			isa = XCSwiftPackageProductDependency;
			package = 749CFB4B2A3F671300380161 /* XCRemoteSwiftPackageReference "firebase-ios-sdk" */;
			productName = FirebaseFirestore;
		};
		749CFB502A3F671400380161 /* FirebaseFirestoreSwift */ = {
			isa = XCSwiftPackageProductDependency;
			package = 749CFB4B2A3F671300380161 /* XCRemoteSwiftPackageReference "firebase-ios-sdk" */;
			productName = FirebaseFirestoreSwift;
		};
/* End XCSwiftPackageProductDependency section */
	};
	rootObject = 749CFAD32A3DBA7D00380161 /* Project object */;
}
